{
    "name": "my-starlin-app",
    "version": "1.0.0",
    "lockfileVersion": 3,
    "requires": true,
    "packages": {
        "": {
            "name": "my-starlin-app",
            "version": "1.0.0",
            "dependencies": {
                "starlin-framework": "file:../../"
            }
        },
        "../..": {},
        "node_modules/starlin-framework": {
            "resolved": "../..",
            "link": true
        }
    }
}
